
Microsoft Visual Studio Solution File, Format Version 12.00
# Visual Studio Version 17
VisualStudioVersion = 17.13.35806.99
MinimumVisualStudioVersion = 10.0.40219.1
Project("{FAE04EC0-301F-11D3-BF4B-00C04F79EFBC}") = "Database", "Database\Database.csproj", "{D6A3C98C-7403-4B59-B5BD-4F347DD739C7}"
EndProject
Global
	GlobalSection(SolutionConfigurationPlatforms) = preSolution
		Debug|Any CPU = Debug|Any CPU
		Release|Any CPU = Release|Any CPU
	EndGlobalSection
	GlobalSection(ProjectConfigurationPlatforms) = postSolution
		{D6A3C98C-7403-4B59-B5BD-4F347DD739C7}.Debug|Any CPU.ActiveCfg = Debug|Any CPU
		{D6A3C98C-7403-4B59-B5BD-4F347DD739C7}.Debug|Any CPU.Build.0 = Debug|Any CPU
		{D6A3C98C-7403-4B59-B5BD-4F347DD739C7}.Release|Any CPU.ActiveCfg = Release|Any CPU
		{D6A3C98C-7403-4B59-B5BD-4F347DD739C7}.Release|Any CPU.Build.0 = Release|Any CPU
	EndGlobalSection
	GlobalSection(SolutionProperties) = preSolution
		HideSolutionNode = FALSE
	EndGlobalSection
	GlobalSection(ExtensibilityGlobals) = postSolution
		SolutionGuid = {122A01DE-6117-4E40-B3CC-9F207D7A6E10}
	EndGlobalSection
EndGlobal
